# This file is automatically @generated by Poetry 1.4.0 and should not be changed by hand.

[[package]]
name = "async-timeout"
version = "5.0.1"
description = "Timeout context manager for asyncio programs"
category = "main"
optional = false
python-versions = ">=3.8"
files = [
    {file = "async_timeout-5.0.1-py3-none-any.whl", hash = "sha256:39e3809566ff85354557ec2398b55e096c8364bacac9405a7a1fa429e77fe76c"},
    {file = "async_timeout-5.0.1.tar.gz", hash = "sha256:d9321a7a3d5a6a5e187e824d2fa0793ce379a202935782d555d6e9d2735677d3"},
]

[[package]]
name = "certifi"
version = "2025.1.31"
description = "Python package for providing Mozilla's CA Bundle."
category = "main"
optional = false
python-versions = ">=3.6"
files = [
    {file = "certifi-2025.1.31-py3-none-any.whl", hash = "sha256:ca78db4565a652026a4db2bcdf68f2fb589ea80d0be70e03929ed730746b84fe"},
    {file = "certifi-2025.1.31.tar.gz", hash = "sha256:3d5da6925056f6f18f119200434a4780a94263f10d1c21d032a6f6b2baa20651"},
]

[[package]]
name = "dnspython"
version = "2.7.0"
description = "DNS toolkit"
category = "main"
optional = false
python-versions = ">=3.9"
files = [
    {file = "dnspython-2.7.0-py3-none-any.whl", hash = "sha256:b4c34b7d10b51bcc3a5071e7b8dee77939f1e878477eeecc965e9835f63c6c86"},
    {file = "dnspython-2.7.0.tar.gz", hash = "sha256:ce9c432eda0dc91cf618a5cedf1a4e142651196bbcd2c80e89ed5a907e5cfaf1"},
]

[package.extras]
dev = ["black (>=23.1.0)", "coverage (>=7.0)", "flake8 (>=7)", "hypercorn (>=0.16.0)", "mypy (>=1.8)", "pylint (>=3)", "pytest (>=7.4)", "pytest-cov (>=4.1.0)", "quart-trio (>=0.11.0)", "sphinx (>=7.2.0)", "sphinx-rtd-theme (>=2.0.0)", "twine (>=4.0.0)", "wheel (>=0.42.0)"]
dnssec = ["cryptography (>=43)"]
doh = ["h2 (>=4.1.0)", "httpcore (>=1.0.0)", "httpx (>=0.26.0)"]
doq = ["aioquic (>=1.0.0)"]
idna = ["idna (>=3.7)"]
trio = ["trio (>=0.23)"]
wmi = ["wmi (>=1.5.1)"]

[[package]]
name = "dynaconf"
version = "3.2.10"
description = "The dynamic configurator for your Python Project"
category = "main"
optional = false
python-versions = ">=3.8"
files = [
    {file = "dynaconf-3.2.10-py2.py3-none-any.whl", hash = "sha256:7f70a4b8a8861efb88d8267aeb6f246c791dc34ecbb8299c26a19abd59113df6"},
    {file = "dynaconf-3.2.10.tar.gz", hash = "sha256:8dbeef31a2343c8342c9b679772c3d005b4801c587cf2f525f98f57ec2f607f1"},
]

[package.extras]
all = ["configobj", "hvac", "redis", "ruamel.yaml"]
configobj = ["configobj"]
ini = ["configobj"]
redis = ["redis"]
test = ["configobj", "django", "flask (>=0.12)", "hvac (>=1.1.0)", "pytest", "pytest-cov", "pytest-mock", "pytest-xdist", "python-dotenv", "radon", "redis", "toml"]
toml = ["toml"]
vault = ["hvac"]
yaml = ["ruamel.yaml"]

[[package]]
name = "elastic-transport"
version = "8.17.1"
description = "Transport classes and utilities shared among Python Elastic client libraries"
category = "main"
optional = false
python-versions = ">=3.8"
files = [
    {file = "elastic_transport-8.17.1-py3-none-any.whl", hash = "sha256:192718f498f1d10c5e9aa8b9cf32aed405e469a7f0e9d6a8923431dbb2c59fb8"},
    {file = "elastic_transport-8.17.1.tar.gz", hash = "sha256:5edef32ac864dca8e2f0a613ef63491ee8d6b8cfb52881fa7313ba9290cac6d2"},
]

[package.dependencies]
certifi = "*"
urllib3 = ">=1.26.2,<3"

[package.extras]
develop = ["aiohttp", "furo", "httpx", "opentelemetry-api", "opentelemetry-sdk", "orjson", "pytest", "pytest-asyncio", "pytest-cov", "pytest-httpserver", "pytest-mock", "requests", "respx", "sphinx (>2)", "sphinx-autodoc-typehints", "trustme"]

[[package]]
name = "elasticsearch"
version = "8.17.2"
description = "Python client for Elasticsearch"
category = "main"
optional = false
python-versions = ">=3.8"
files = [
    {file = "elasticsearch-8.17.2-py3-none-any.whl", hash = "sha256:2d058dcddd8f2686cd431a916cdf983f9fb7d211d902834f564ab7df05ba6478"},
    {file = "elasticsearch-8.17.2.tar.gz", hash = "sha256:ff7f1db8aeefd87ceba4edce3aa4070994582e6cf029d2e67b74e66d634509db"},
]

[package.dependencies]
elastic-transport = ">=8.15.1,<9"

[package.extras]
async = ["aiohttp (>=3,<4)"]
dev = ["aiohttp", "black", "build", "coverage", "isort", "jinja2", "mapbox-vector-tile", "nox", "numpy", "orjson", "pandas", "pyarrow", "pytest", "pytest-asyncio", "pytest-cov", "python-dateutil", "pyyaml (>=5.4)", "requests (>=2,<3)", "simsimd", "twine", "unasync"]
docs = ["sphinx", "sphinx-autodoc-typehints", "sphinx-rtd-theme (>=2.0)"]
orjson = ["orjson (>=3)"]
pyarrow = ["pyarrow (>=1)"]
requests = ["requests (>=2.4.0,!=2.32.2,<3.0.0)"]
vectorstore-mmr = ["numpy (>=1)", "simsimd (>=3)"]

[[package]]
name = "neo4j"
version = "5.28.1"
description = "Neo4j Bolt driver for Python"
category = "main"
optional = false
python-versions = ">=3.7"
files = [
    {file = "neo4j-5.28.1-py3-none-any.whl", hash = "sha256:6755ef9e5f4e14b403aef1138fb6315b120631a0075c138b5ddb2a06b87b09fd"},
    {file = "neo4j-5.28.1.tar.gz", hash = "sha256:ae8e37a1d895099062c75bc359b2cce62099baac7be768d0eba7180c1298e214"},
]

[package.dependencies]
pytz = "*"

[package.extras]
numpy = ["numpy (>=1.7.0,<3.0.0)"]
pandas = ["numpy (>=1.7.0,<3.0.0)", "pandas (>=1.1.0,<3.0.0)"]
pyarrow = ["pyarrow (>=1.0.0)"]

[[package]]
name = "psycopg"
version = "3.2.6"
description = "PostgreSQL database adapter for Python"
category = "main"
optional = false
python-versions = ">=3.8"
files = [
    {file = "psycopg-3.2.6-py3-none-any.whl", hash = "sha256:f3ff5488525890abb0566c429146add66b329e20d6d4835662b920cbbf90ac58"},
    {file = "psycopg-3.2.6.tar.gz", hash = "sha256:16fa094efa2698f260f2af74f3710f781e4a6f226efe9d1fd0c37f384639ed8a"},
]

[package.dependencies]
psycopg-binary = {version = "3.2.6", optional = true, markers = "implementation_name != \"pypy\" and extra == \"binary\""}
typing-extensions = {version = ">=4.6", markers = "python_version < \"3.13\""}
tzdata = {version = "*", markers = "sys_platform == \"win32\""}

[package.extras]
binary = ["psycopg-binary (==3.2.6)"]
c = ["psycopg-c (==3.2.6)"]
dev = ["ast-comments (>=1.1.2)", "black (>=24.1.0)", "codespell (>=2.2)", "dnspython (>=2.1)", "flake8 (>=4.0)", "isort-psycopg", "isort[colors] (>=6.0)", "mypy (>=1.14)", "pre-commit (>=4.0.1)", "types-setuptools (>=57.4)", "wheel (>=0.37)"]
docs = ["Sphinx (>=5.0)", "furo (==2022.6.21)", "sphinx-autobuild (>=2021.3.14)", "sphinx-autodoc-typehints (>=1.12)"]
pool = ["psycopg-pool"]
test = ["anyio (>=4.0)", "mypy (>=1.14)", "pproxy (>=2.7)", "pytest (>=6.2.5)", "pytest-cov (>=3.0)", "pytest-randomly (>=3.5)"]

[[package]]
name = "psycopg-binary"
version = "3.2.6"
description = "PostgreSQL database adapter for Python -- C optimisation distribution"
category = "main"
optional = false
python-versions = ">=3.8"
files = [
    {file = "psycopg_binary-3.2.6-cp310-cp310-macosx_10_9_x86_64.whl", hash = "sha256:1b639acb3e24243c23f75700bf6e3af7b76da92523ec7c3196a13aaf0b578453"},
    {file = "psycopg_binary-3.2.6-cp310-cp310-macosx_11_0_arm64.whl", hash = "sha256:1b5c359173726b38d7acbb9f73270f269591d8031d099c1a70dd3f3d22b0e8a8"},
    {file = "psycopg_binary-3.2.6-cp310-cp310-manylinux_2_17_aarch64.manylinux2014_aarch64.whl", hash = "sha256:3434efe7c00f505f4c1e531519dac6c701df738ba7a1328eac81118d80019132"},
    {file = "psycopg_binary-3.2.6-cp310-cp310-manylinux_2_17_i686.manylinux2014_i686.whl", hash = "sha256:9bca8d9643191b13193940bbf84d51ac5a747e965c230177258fb02b8043fb7a"},
    {file = "psycopg_binary-3.2.6-cp310-cp310-manylinux_2_17_ppc64le.manylinux2014_ppc64le.whl", hash = "sha256:55fa40f11d37e6e5149a282a5fd7e0734ce55c623673bfba638480914fd1414c"},
    {file = "psycopg_binary-3.2.6-cp310-cp310-manylinux_2_17_x86_64.manylinux2014_x86_64.whl", hash = "sha256:0690ac1061c655b1bcbe9284d07bf5276bc9c0d788a6c74aaf3b042e64984b83"},
    {file = "psycopg_binary-3.2.6-cp310-cp310-musllinux_1_2_aarch64.whl", hash = "sha256:e9a4a9967ff650d2821d5fad6bec7b15f4c2072603e9fa3f89a39f351ade1fd3"},
    {file = "psycopg_binary-3.2.6-cp310-cp310-musllinux_1_2_i686.whl", hash = "sha256:d6f2894cc7aee8a15fe591e8536911d9c015cb404432cf7bdac2797e54cb2ba8"},
    {file = "psycopg_binary-3.2.6-cp310-cp310-musllinux_1_2_ppc64le.whl", hash = "sha256:05560c81312d7c2bee95a9860cd25198677f2320fb4a3527bc04e8cae7fcfb64"},
    {file = "psycopg_binary-3.2.6-cp310-cp310-musllinux_1_2_x86_64.whl", hash = "sha256:4269cd23a485d6dd6eb6b10841c94551a53091cf0b1b6d5247a6a341f53f0d95"},
    {file = "psycopg_binary-3.2.6-cp310-cp310-win_amd64.whl", hash = "sha256:7942f35a6f314608720116bcd9de240110ceadffd2ac5c34f68f74a31e52e46a"},
    {file = "psycopg_binary-3.2.6-cp311-cp311-macosx_10_9_x86_64.whl", hash = "sha256:7afe181f6b3eb714362e9b6a2dc2a589bff60471a1d8639fd231a4e426e01523"},
    {file = "psycopg_binary-3.2.6-cp311-cp311-macosx_11_0_arm64.whl", hash = "sha256:34bb0fceba0773dc0bfb53224bb2c0b19dc97ea0a997a223615484cf02cae55c"},
    {file = "psycopg_binary-3.2.6-cp311-cp311-manylinux_2_17_aarch64.manylinux2014_aarch64.whl", hash = "sha256:54120122d2779dcd307f49e1f921d757fe5dacdced27deab37f277eef0c52a5b"},
    {file = "psycopg_binary-3.2.6-cp311-cp311-manylinux_2_17_i686.manylinux2014_i686.whl", hash = "sha256:816aa556f63b2303e66ba6c8888a8b3f3e6e4e47049ec7a4d62c84ac60b091ca"},
    {file = "psycopg_binary-3.2.6-cp311-cp311-manylinux_2_17_ppc64le.manylinux2014_ppc64le.whl", hash = "sha256:d19a0ba351eda9a59babf8c7c9d89c7bbc5b26bf096bc349b096bd0dd2482088"},
    {file = "psycopg_binary-3.2.6-cp311-cp311-manylinux_2_17_x86_64.manylinux2014_x86_64.whl", hash = "sha256:d6e197e01290ef818a092c877025fc28096adbb6d0743e313491a21aab31bd96"},
    {file = "psycopg_binary-3.2.6-cp311-cp311-musllinux_1_2_aarch64.whl", hash = "sha256:274794b4b29ef426e09086404446b61a146f5e756da71366c5a6d57abec31f7d"},
    {file = "psycopg_binary-3.2.6-cp311-cp311-musllinux_1_2_i686.whl", hash = "sha256:69845bdc0db519e1dfc27932cd3d5b1ecb3f72950af52a1987508ab0b52b3b55"},
    {file = "psycopg_binary-3.2.6-cp311-cp311-musllinux_1_2_ppc64le.whl", hash = "sha256:66c3bed2caf0d1cabcb9365064de183b5209a7cbeaa131e79e68f350c9c963c2"},
    {file = "psycopg_binary-3.2.6-cp311-cp311-musllinux_1_2_x86_64.whl", hash = "sha256:e3ae3201fe85c7f901349a2cf52f02ceca4cb97a5e2e2ac8b8a1c9a6eb747bed"},
    {file = "psycopg_binary-3.2.6-cp311-cp311-win_amd64.whl", hash = "sha256:58f443b4df2adb59937c96775fadf4967f93d952fbcc82394446985faec11041"},
    {file = "psycopg_binary-3.2.6-cp312-cp312-macosx_10_13_x86_64.whl", hash = "sha256:f27a46ff0497e882e8c0286e8833c785b4d1a80f23e1bf606f4c90e5f9f3ce75"},
    {file = "psycopg_binary-3.2.6-cp312-cp312-macosx_11_0_arm64.whl", hash = "sha256:b30ee4821ded7de48b8048b14952512588e7c5477b0a5965221e1798afba61a1"},
    {file = "psycopg_binary-3.2.6-cp312-cp312-manylinux_2_17_aarch64.manylinux2014_aarch64.whl", hash = "sha256:e57edf3b1f5427f39660225b01f8e7b97f5cfab132092f014bf1638bc85d81d2"},
    {file = "psycopg_binary-3.2.6-cp312-cp312-manylinux_2_17_i686.manylinux2014_i686.whl", hash = "sha256:6c5172ce3e4ae7a4fd450070210f801e2ce6bc0f11d1208d29268deb0cda34de"},
    {file = "psycopg_binary-3.2.6-cp312-cp312-manylinux_2_17_ppc64le.manylinux2014_ppc64le.whl", hash = "sha256:bcfab3804c43571a6615e559cdc4c4115785d258a4dd71a721be033f5f5f378d"},
    {file = "psycopg_binary-3.2.6-cp312-cp312-manylinux_2_17_x86_64.manylinux2014_x86_64.whl", hash = "sha256:8fa1c920cce16f1205f37b20c685c58b9656b170b8b4c93629100d342d0d118e"},
    {file = "psycopg_binary-3.2.6-cp312-cp312-musllinux_1_2_aarch64.whl", hash = "sha256:2e118d818101c1608c6b5ba52a6c977614d8f05aa89467501172ba4d10588e11"},
    {file = "psycopg_binary-3.2.6-cp312-cp312-musllinux_1_2_i686.whl", hash = "sha256:763319a8bfeca77d31512da71f5a33459b9568a7621c481c3828c62f9c38f351"},
    {file = "psycopg_binary-3.2.6-cp312-cp312-musllinux_1_2_ppc64le.whl", hash = "sha256:2fbc05819560389dbece046966bc88e0f2ea77673497e274c4293b8b4c1d0703"},
    {file = "psycopg_binary-3.2.6-cp312-cp312-musllinux_1_2_x86_64.whl", hash = "sha256:5a57f99bb953b4bd6f32d0a9844664e7f6ca5ead9ba40e96635be3cd30794813"},
    {file = "psycopg_binary-3.2.6-cp312-cp312-win_amd64.whl", hash = "sha256:5de6809e19a465dcb9c269675bded46a135f2d600cd99f0735afbb21ddad2af4"},
    {file = "psycopg_binary-3.2.6-cp313-cp313-macosx_10_13_x86_64.whl", hash = "sha256:54af3fbf871baa2eb19df96fd7dc0cbd88e628a692063c3d1ab5cdd00aa04322"},
    {file = "psycopg_binary-3.2.6-cp313-cp313-macosx_11_0_arm64.whl", hash = "sha256:ad5da1e4636776c21eaeacdec42f25fa4612631a12f25cd9ab34ddf2c346ffb9"},
    {file = "psycopg_binary-3.2.6-cp313-cp313-manylinux_2_17_aarch64.manylinux2014_aarch64.whl", hash = "sha256:f7956b9ea56f79cd86eddcfbfc65ae2af1e4fe7932fa400755005d903c709370"},
    {file = "psycopg_binary-3.2.6-cp313-cp313-manylinux_2_17_i686.manylinux2014_i686.whl", hash = "sha256:1e2efb763188008cf2914820dcb9fb23c10fe2be0d2c97ef0fac7cec28e281d8"},
    {file = "psycopg_binary-3.2.6-cp313-cp313-manylinux_2_17_ppc64le.manylinux2014_ppc64le.whl", hash = "sha256:4b3aab3451679f1e7932270e950259ed48c3b79390022d3f660491c0e65e4838"},
    {file = "psycopg_binary-3.2.6-cp313-cp313-manylinux_2_17_x86_64.manylinux2014_x86_64.whl", hash = "sha256:849a370ac4e125f55f2ad37f928e588291a67ccf91fa33d0b1e042bb3ee1f986"},
    {file = "psycopg_binary-3.2.6-cp313-cp313-musllinux_1_2_aarch64.whl", hash = "sha256:566d4ace928419d91f1eb3227fc9ef7b41cf0ad22e93dd2c3368d693cf144408"},
    {file = "psycopg_binary-3.2.6-cp313-cp313-musllinux_1_2_i686.whl", hash = "sha256:f1981f13b10de2f11cfa2f99a8738b35b3f0a0f3075861446894a8d3042430c0"},
    {file = "psycopg_binary-3.2.6-cp313-cp313-musllinux_1_2_ppc64le.whl", hash = "sha256:36f598300b55b3c983ae8df06473ad27333d2fd9f3e2cfdb913b3a5aaa3a8bcf"},
    {file = "psycopg_binary-3.2.6-cp313-cp313-musllinux_1_2_x86_64.whl", hash = "sha256:0f4699fa5fe1fffb0d6b2d14b31fd8c29b7ea7375f89d5989f002aaf21728b21"},
    {file = "psycopg_binary-3.2.6-cp313-cp313-win_amd64.whl", hash = "sha256:afe697b8b0071f497c5d4c0f41df9e038391534f5614f7fb3a8c1ca32d66e860"},
    {file = "psycopg_binary-3.2.6-cp38-cp38-macosx_10_9_x86_64.whl", hash = "sha256:da5554553b8d9fb7ab6bb1a37cc53f20ada9024916c60f40c09ab1a675323f2f"},
    {file = "psycopg_binary-3.2.6-cp38-cp38-manylinux_2_17_aarch64.manylinux2014_aarch64.whl", hash = "sha256:1b7e3ccc43c395edba8039c9e407b01ed1844304c7f2f4aa99d34d04ed067c83"},
    {file = "psycopg_binary-3.2.6-cp38-cp38-manylinux_2_17_i686.manylinux2014_i686.whl", hash = "sha256:8d55405efc8a96aa0ecb2d5d6af552d35c744f160b133fa690814a68d9a952c8"},
    {file = "psycopg_binary-3.2.6-cp38-cp38-manylinux_2_17_ppc64le.manylinux2014_ppc64le.whl", hash = "sha256:58d5cfb1687b69b3484a034d1aa6e5c11f0c1d46757e978ed59fab59ce83fd37"},
    {file = "psycopg_binary-3.2.6-cp38-cp38-manylinux_2_17_x86_64.manylinux2014_x86_64.whl", hash = "sha256:3761c4107dab218c32ce4b10b1ae5ed686d41b882bfcb05f5bebc2be9488442f"},
    {file = "psycopg_binary-3.2.6-cp38-cp38-musllinux_1_2_aarch64.whl", hash = "sha256:45f1526e12cb480586c74670f46563d3090fc2a93e859ccf71efae61f04cef4b"},
    {file = "psycopg_binary-3.2.6-cp38-cp38-musllinux_1_2_i686.whl", hash = "sha256:b4d4fd4415d5219785fb082e28d84be4fbd90c3bff3d861877db0aa6b0edd70b"},
    {file = "psycopg_binary-3.2.6-cp38-cp38-musllinux_1_2_ppc64le.whl", hash = "sha256:eb8a1e6b8130fee0b48107739e09553d50c6f031d0b3fcc33f885bb64fa01105"},
    {file = "psycopg_binary-3.2.6-cp38-cp38-musllinux_1_2_x86_64.whl", hash = "sha256:7adf1460c05f7366f0fe9cf2d24e46abca9eb621705322bbd0c3f3e3a5edb2b4"},
    {file = "psycopg_binary-3.2.6-cp38-cp38-win_amd64.whl", hash = "sha256:28505f52ceef60554b5ab3289bf5aed2e7e57fa8e9a59a979d82db944e256a6c"},
    {file = "psycopg_binary-3.2.6-cp39-cp39-macosx_10_9_x86_64.whl", hash = "sha256:260c43c329e668606388cee78ec0dab083a25c2c6e6f9cf74a130fd5a27b0f87"},
    {file = "psycopg_binary-3.2.6-cp39-cp39-macosx_11_0_arm64.whl", hash = "sha256:9870e51fad4684dbdec057fa757d65e61cb2acb16236836e9360044c2a1ec880"},
    {file = "psycopg_binary-3.2.6-cp39-cp39-manylinux_2_17_aarch64.manylinux2014_aarch64.whl", hash = "sha256:030e9c3082a931e972b029b3cef085784a3bf7f8e18367ae50d5b809aa6e1d87"},
    {file = "psycopg_binary-3.2.6-cp39-cp39-manylinux_2_17_i686.manylinux2014_i686.whl", hash = "sha256:b60c9ed291fbd5e777c2c630dcfd10b7a87d68512b0757d5e7406d9c4895a82a"},
    {file = "psycopg_binary-3.2.6-cp39-cp39-manylinux_2_17_ppc64le.manylinux2014_ppc64le.whl", hash = "sha256:2e0f4a17a9c376c195e403b4826c18f325bd28f425231d36d1036258bf893e23"},
    {file = "psycopg_binary-3.2.6-cp39-cp39-manylinux_2_17_x86_64.manylinux2014_x86_64.whl", hash = "sha256:ac46da609624b16d961f604b3cbc3233ef43211ef1456a188f8c427109c9c3e1"},
    {file = "psycopg_binary-3.2.6-cp39-cp39-musllinux_1_2_aarch64.whl", hash = "sha256:e77949b8e7014b85cee0bf6e9e041bcae7719b2693ebf59236368fb0b2a08814"},
    {file = "psycopg_binary-3.2.6-cp39-cp39-musllinux_1_2_i686.whl", hash = "sha256:532322d9ef6e7d178a4f344970b017110633bcc3dc1c3403efcef55aad612517"},
    {file = "psycopg_binary-3.2.6-cp39-cp39-musllinux_1_2_ppc64le.whl", hash = "sha256:880c5fd76dcb50bdcc8f87359e5a6c7eb416697cc9aa02854c91223bd999c045"},
    {file = "psycopg_binary-3.2.6-cp39-cp39-musllinux_1_2_x86_64.whl", hash = "sha256:3c0cddc7458b8416d77cd8829d0192466502f31d1fb853d58613cf13ac64f41c"},
    {file = "psycopg_binary-3.2.6-cp39-cp39-win_amd64.whl", hash = "sha256:ea158665676f42b19585dfe948071d3c5f28276f84a97522fb2e82c1d9194563"},
]

[[package]]
name = "pymongo"
version = "4.12.0"
description = "Python driver for MongoDB <http://www.mongodb.org>"
category = "main"
optional = false
python-versions = ">=3.9"
files = [
    {file = "pymongo-4.12.0-cp310-cp310-macosx_10_9_x86_64.whl", hash = "sha256:e23d9b5e8d2dfc3ac0540966e93008e471345ec9a2797b77be551e64b70fc8ee"},
    {file = "pymongo-4.12.0-cp310-cp310-macosx_11_0_arm64.whl", hash = "sha256:ecf325f31bf8be70ec5cab50b45a8e09acf3952d693215acac965cecaeb6b58d"},
    {file = "pymongo-4.12.0-cp310-cp310-manylinux_2_17_aarch64.manylinux2014_aarch64.whl", hash = "sha256:adf638404fb96ddf0b2ec07df7279ea709d1e05150e527cc98b23fd0db8c3fec"},
    {file = "pymongo-4.12.0-cp310-cp310-manylinux_2_17_ppc64le.manylinux2014_ppc64le.whl", hash = "sha256:6bee9178d6b358a4cee1a13179779810fec5a5406cf0db41fdf0c065d90029e2"},
    {file = "pymongo-4.12.0-cp310-cp310-manylinux_2_17_s390x.manylinux2014_s390x.whl", hash = "sha256:77f618a29c02bcf824915144957e257f7d7329e8ffc1b804fd80a4e2e7b3b2c8"},
    {file = "pymongo-4.12.0-cp310-cp310-manylinux_2_17_x86_64.manylinux2014_x86_64.whl", hash = "sha256:caeff0cd9e78dd6d7ebb961bdbdf68b2ed63432157e7115d669a21fb534f656f"},
    {file = "pymongo-4.12.0-cp310-cp310-manylinux_2_5_i686.manylinux1_i686.manylinux_2_17_i686.manylinux2014_i686.whl", hash = "sha256:b2fb1f0c08929dc48f147010a679a0ef2b7561fcb616a793fa47ab8b10677334"},
    {file = "pymongo-4.12.0-cp310-cp310-win32.whl", hash = "sha256:5daad50a6ac1cbfe404dd68e9a39d6bb06c6891cb3fe73a5bdc9de2033278d15"},
    {file = "pymongo-4.12.0-cp310-cp310-win_amd64.whl", hash = "sha256:6ebd8096dadd5e6c067ac0afc98079bd58750020cf03fce97c67565352b38bff"},
    {file = "pymongo-4.12.0-cp311-cp311-macosx_10_9_x86_64.whl", hash = "sha256:8f9fa8dbe724306f7126497aa8adf1975203117143de2caf4edacb18aa83270f"},
    {file = "pymongo-4.12.0-cp311-cp311-macosx_11_0_arm64.whl", hash = "sha256:b751458ccd52fc84970ae8d4d354a781bcaac244ad957c635ff70b067f160d41"},
    {file = "pymongo-4.12.0-cp311-cp311-manylinux_2_17_aarch64.manylinux2014_aarch64.whl", hash = "sha256:d5b5e30587e532906bd6dd1cadab374cfa72c211419e56ebe125ee1fb01bd110"},
    {file = "pymongo-4.12.0-cp311-cp311-manylinux_2_17_ppc64le.manylinux2014_ppc64le.whl", hash = "sha256:4c2d527443011cc1ff92752f0152e683184d30b1b95f758809efefdd6246dd3f"},
    {file = "pymongo-4.12.0-cp311-cp311-manylinux_2_17_s390x.manylinux2014_s390x.whl", hash = "sha256:bb76c604e834e2dbb2e3675b298e0ff01e56cd3c36ccc7d01fafbc326be0d48a"},
    {file = "pymongo-4.12.0-cp311-cp311-manylinux_2_17_x86_64.manylinux2014_x86_64.whl", hash = "sha256:3ee07a2eb48c583354ba13b9c0b9f904f22f0a7ab349e37852da3a85f3f5bf2a"},
    {file = "pymongo-4.12.0-cp311-cp311-manylinux_2_5_i686.manylinux1_i686.manylinux_2_17_i686.manylinux2014_i686.whl", hash = "sha256:2af7665a9f566a696902e5d396a4bc0c096cc7a03d661aa67f64943488977ed5"},
    {file = "pymongo-4.12.0-cp311-cp311-win32.whl", hash = "sha256:2eb9179252fa6a6ad98e912e821e9602e02a54a720eabc482e0394c5efcbbd09"},
    {file = "pymongo-4.12.0-cp311-cp311-win_amd64.whl", hash = "sha256:8aed3e58a6714aaed324e56723e9f510032ad0f7756430f4484269f4e33e32f5"},
    {file = "pymongo-4.12.0-cp312-cp312-macosx_10_13_x86_64.whl", hash = "sha256:7bd4358da17705c37f29594b799c9ca65b4b1eb17cb0c6696c591809cdd973f2"},
    {file = "pymongo-4.12.0-cp312-cp312-macosx_11_0_arm64.whl", hash = "sha256:14aade4429997c3060e0df945344fc3bf7fb517253a2445017d9c86b100f4dbc"},
    {file = "pymongo-4.12.0-cp312-cp312-manylinux_2_17_aarch64.manylinux2014_aarch64.whl", hash = "sha256:8f8222022357cbba9c024535816200abfd74fb0b7356afc13ce1533515b625af"},
    {file = "pymongo-4.12.0-cp312-cp312-manylinux_2_17_ppc64le.manylinux2014_ppc64le.whl", hash = "sha256:77455951881e438b6ffdf449b31c3af4b3ed6c6af208de3b9a719d5d444785b3"},
    {file = "pymongo-4.12.0-cp312-cp312-manylinux_2_17_s390x.manylinux2014_s390x.whl", hash = "sha256:c906365c12375f3b4eb03b8dda71711cfe0670272d98a47c15eb8d311b03351d"},
    {file = "pymongo-4.12.0-cp312-cp312-manylinux_2_17_x86_64.manylinux2014_x86_64.whl", hash = "sha256:ba90eb88e604778b767d82ff5165de4ac5135b93c32a6931c77ee17bba6a8daf"},
    {file = "pymongo-4.12.0-cp312-cp312-manylinux_2_5_i686.manylinux1_i686.manylinux_2_17_i686.manylinux2014_i686.whl", hash = "sha256:7e5cd2c837a2ee21e6f0a2da44eba44be1718b7db0893c0148caa309b0388790"},
    {file = "pymongo-4.12.0-cp312-cp312-win32.whl", hash = "sha256:e1015c5689b3013c69802d80ef661c8c094d83d0342a68d45ced52c53f412f29"},
    {file = "pymongo-4.12.0-cp312-cp312-win_amd64.whl", hash = "sha256:ab1a1b82b28d9ddeff93351f2e9e803ca78258e447c13c500294780eb2665a03"},
    {file = "pymongo-4.12.0-cp313-cp313-macosx_10_13_x86_64.whl", hash = "sha256:5c44f44b48bdf793b30a83232b5abad2cda1d7c7dc3bbe9e4a952a8b3b4faad1"},
    {file = "pymongo-4.12.0-cp313-cp313-macosx_11_0_arm64.whl", hash = "sha256:df72eeef20c9246eeda9adfa90b4a0e3208be5b840850e22da599f95fc8048f6"},
    {file = "pymongo-4.12.0-cp313-cp313-manylinux_2_17_aarch64.manylinux2014_aarch64.whl", hash = "sha256:3e5328254fbe0aacdb9191ee76e5df1fa36778770f1fe8b99d8d9f51ce12a8c7"},
    {file = "pymongo-4.12.0-cp313-cp313-manylinux_2_17_ppc64le.manylinux2014_ppc64le.whl", hash = "sha256:dc86d4a127a43d27bef9be4f1e501847ecf8e0d530c58c34967dcbf3bf1a9fff"},
    {file = "pymongo-4.12.0-cp313-cp313-manylinux_2_17_s390x.manylinux2014_s390x.whl", hash = "sha256:32863d54beae2b7d60bd33659c56e6b7a81e7d9082e1cd7cce62e8451a164ab8"},
    {file = "pymongo-4.12.0-cp313-cp313-manylinux_2_17_x86_64.manylinux2014_x86_64.whl", hash = "sha256:0be2192be8e6aebe5b0500a6e69d914cecea7567e895edee2d3069c0a2b171b7"},
    {file = "pymongo-4.12.0-cp313-cp313-manylinux_2_5_i686.manylinux1_i686.manylinux_2_17_i686.manylinux2014_i686.whl", hash = "sha256:ab5a3c39bb6a84bf38149a4f9db51e55686827236af96cab17c65f8346b3c1e3"},
    {file = "pymongo-4.12.0-cp313-cp313-win32.whl", hash = "sha256:a0bc2a32763b6fb76ce701b270d88a3939994d76e64088822e7dc2a8d6a69926"},
    {file = "pymongo-4.12.0-cp313-cp313-win_amd64.whl", hash = "sha256:926bc4792396b6c4da40fd7874921564e69b75c2028833318271bed808f4493a"},
    {file = "pymongo-4.12.0-cp313-cp313t-macosx_10_13_x86_64.whl", hash = "sha256:992549d1022ea2d8e7f93ece8191ab1f84dfe157dcfa043b259d9743ee3188ad"},
    {file = "pymongo-4.12.0-cp313-cp313t-macosx_11_0_arm64.whl", hash = "sha256:6d6cb42c18ce1eee3577a6604a53d5e4e2e8c24b05e00c0749e5bc9220977431"},
    {file = "pymongo-4.12.0-cp313-cp313t-manylinux_2_17_aarch64.manylinux2014_aarch64.whl", hash = "sha256:ff17fcb5184f9511cf49b8a62f8f038555c3a07406f4944a8afd614a3d23bbfa"},
    {file = "pymongo-4.12.0-cp313-cp313t-manylinux_2_17_ppc64le.manylinux2014_ppc64le.whl", hash = "sha256:00c918c5f17360ea02da4ef268f2573967ef453c5ccec0caac2545be95ef478e"},
    {file = "pymongo-4.12.0-cp313-cp313t-manylinux_2_17_s390x.manylinux2014_s390x.whl", hash = "sha256:b65cc36d8ef2dfb567a00a81ad16b7ef1989d3092367aff24fab027be7168cc8"},
    {file = "pymongo-4.12.0-cp313-cp313t-manylinux_2_17_x86_64.manylinux2014_x86_64.whl", hash = "sha256:805b18b615ccf23b6fb2ca815f5580085b53acb8700c017bd873e781e90caf89"},
    {file = "pymongo-4.12.0-cp313-cp313t-manylinux_2_5_i686.manylinux1_i686.manylinux_2_17_i686.manylinux2014_i686.whl", hash = "sha256:5f0654f4eab9c72ddb912b0c393dcb6d66936d9e2141f057bb272477bbc8cf8e"},
    {file = "pymongo-4.12.0-cp313-cp313t-win32.whl", hash = "sha256:2e39fecf539d77a3a4fbd332d5e3f375a1ec9a7b2401d6f27aaf8af5a1fd23e2"},
    {file = "pymongo-4.12.0-cp313-cp313t-win_amd64.whl", hash = "sha256:053e43722c0d76e5798abeb04f3a3ca69f8bdd10c3b56c6705fd72bf815dcbb8"},
    {file = "pymongo-4.12.0-cp39-cp39-macosx_10_9_x86_64.whl", hash = "sha256:342dd65e89f6978ac56cb8e1692e72a6de00e6f9f212ff68464e9b54dbc4c431"},
    {file = "pymongo-4.12.0-cp39-cp39-macosx_11_0_arm64.whl", hash = "sha256:dfd34fe5ce934c359def945a23925f42735e384423db6fd847bc9205661644d4"},
    {file = "pymongo-4.12.0-cp39-cp39-manylinux_2_17_aarch64.manylinux2014_aarch64.whl", hash = "sha256:e576d4bf8e27cdcdbe17a2e78a3e96e16ea443c3ac46e722b3a814b0c9ce7ab5"},
    {file = "pymongo-4.12.0-cp39-cp39-manylinux_2_17_ppc64le.manylinux2014_ppc64le.whl", hash = "sha256:5e78419a8f23705a44d01901c14f830c5d38fe2b1d8853bc836b8d04117207a8"},
    {file = "pymongo-4.12.0-cp39-cp39-manylinux_2_17_s390x.manylinux2014_s390x.whl", hash = "sha256:d89af24652dc43c109cb2839ec6ea0e60b9d19301b05d3f8fa1ebdba9e95a1ee"},
    {file = "pymongo-4.12.0-cp39-cp39-manylinux_2_17_x86_64.manylinux2014_x86_64.whl", hash = "sha256:d83fff3c453f55c57f6a9cccabe2578ca97d7a6378006242f56fc7f1c34f1361"},
    {file = "pymongo-4.12.0-cp39-cp39-manylinux_2_5_i686.manylinux1_i686.manylinux_2_17_i686.manylinux2014_i686.whl", hash = "sha256:29709285691102a2c678e65c3bcf6fd4c96e21d6753e6ec8f7ebe96e4c27ba98"},
    {file = "pymongo-4.12.0-cp39-cp39-manylinux_2_5_i686.manylinux1_i686.whl", hash = "sha256:fb983976e606d970d08af6c74de2e462a0e795e47360df67fe1fd85146a813a2"},
    {file = "pymongo-4.12.0-cp39-cp39-manylinux_2_5_x86_64.manylinux1_x86_64.whl", hash = "sha256:9052cf74602b368e8cc042e5bee181ff9179dd473d05319c6bdaf602c76bb173"},
    {file = "pymongo-4.12.0-cp39-cp39-win32.whl", hash = "sha256:11846ba98179cb5bc9325748877501f558db30437cd2db2ba7643d728c16cbfa"},
    {file = "pymongo-4.12.0-cp39-cp39-win_amd64.whl", hash = "sha256:e22d581aed962822dfeee601251101957f53688101af0c0dfc7180f55285c681"},
    {file = "pymongo-4.12.0.tar.gz", hash = "sha256:d9f74a5cf3fccdb72211e33e07a6c05ac09cd0d7c99d21db5c2473fcfdd03152"},
]

[package.dependencies]
dnspython = ">=1.16.0,<3.0.0"

[package.extras]
aws = ["pymongo-auth-aws (>=1.1.0,<2.0.0)"]
docs = ["furo (==2024.8.6)", "readthedocs-sphinx-search (>=0.3,<1.0)", "sphinx (>=5.3,<9)", "sphinx-autobuild (>=2020.9.1)", "sphinx-rtd-theme (>=2,<4)", "sphinxcontrib-shellcheck (>=1,<2)"]
encryption = ["certifi", "pymongo-auth-aws (>=1.1.0,<2.0.0)", "pymongocrypt (>=1.13.0,<2.0.0)"]
gssapi = ["pykerberos", "winkerberos (>=0.5.0)"]
ocsp = ["certifi", "cryptography (>=2.5)", "pyopenssl (>=17.2.0)", "requests (<3.0.0)", "service-identity (>=18.1.0)"]
snappy = ["python-snappy"]
test = ["pytest (>=8.2)", "pytest-asyncio (>=0.24.0)"]
zstd = ["zstandard"]

[[package]]
name = "python-dotenv"
version = "1.1.0"
description = "Read key-value pairs from a .env file and set them as environment variables"
category = "main"
optional = false
python-versions = ">=3.9"
files = [
    {file = "python_dotenv-1.1.0-py3-none-any.whl", hash = "sha256:d7c01d9e2293916c18baf562d95698754b0dbbb5e74d457c45d4f6561fb9d55d"},
    {file = "python_dotenv-1.1.0.tar.gz", hash = "sha256:41f90bc6f5f177fb41f53e87666db362025010eb28f60a01c9143bfa33a2b2d5"},
]

[package.extras]
cli = ["click (>=5.0)"]

[[package]]
name = "pytz"
version = "2025.2"
description = "World timezone definitions, modern and historical"
category = "main"
optional = false
python-versions = "*"
files = [
    {file = "pytz-2025.2-py2.py3-none-any.whl", hash = "sha256:5ddf76296dd8c44c26eb8f4b6f35488f3ccbf6fbbd7adee0b7262d43f0ec2f00"},
    {file = "pytz-2025.2.tar.gz", hash = "sha256:360b9e3dbb49a209c21ad61809c7fb453643e048b38924c765813546746e81c3"},
]

[[package]]
name = "redis"
version = "5.2.1"
description = "Python client for Redis database and key-value store"
category = "main"
optional = false
python-versions = ">=3.8"
files = [
    {file = "redis-5.2.1-py3-none-any.whl", hash = "sha256:ee7e1056b9aea0f04c6c2ed59452947f34c4940ee025f5dd83e6a6418b6989e4"},
    {file = "redis-5.2.1.tar.gz", hash = "sha256:16f2e22dff21d5125e8481515e386711a34cbec50f0e44413dd7d9c060a54e0f"},
]

[package.dependencies]
async-timeout = {version = ">=4.0.3", markers = "python_full_version < \"3.11.3\""}

[package.extras]
hiredis = ["hiredis (>=3.0.0)"]
ocsp = ["cryptography (>=36.0.1)", "pyopenssl (==23.2.1)", "requests (>=2.31.0)"]

[[package]]
name = "ruff"
version = "0.11.5"
description = "An extremely fast Python linter and code formatter, written in Rust."
category = "main"
optional = false
python-versions = ">=3.7"
files = [
    {file = "ruff-0.11.5-py3-none-linux_armv6l.whl", hash = "sha256:2561294e108eb648e50f210671cc56aee590fb6167b594144401532138c66c7b"},
    {file = "ruff-0.11.5-py3-none-macosx_10_12_x86_64.whl", hash = "sha256:ac12884b9e005c12d0bd121f56ccf8033e1614f736f766c118ad60780882a077"},
    {file = "ruff-0.11.5-py3-none-macosx_11_0_arm64.whl", hash = "sha256:4bfd80a6ec559a5eeb96c33f832418bf0fb96752de0539905cf7b0cc1d31d779"},
    {file = "ruff-0.11.5-py3-none-manylinux_2_17_aarch64.manylinux2014_aarch64.whl", hash = "sha256:0947c0a1afa75dcb5db4b34b070ec2bccee869d40e6cc8ab25aca11a7d527794"},
    {file = "ruff-0.11.5-py3-none-manylinux_2_17_armv7l.manylinux2014_armv7l.whl", hash = "sha256:ad871ff74b5ec9caa66cb725b85d4ef89b53f8170f47c3406e32ef040400b038"},
    {file = "ruff-0.11.5-py3-none-manylinux_2_17_i686.manylinux2014_i686.whl", hash = "sha256:e6cf918390cfe46d240732d4d72fa6e18e528ca1f60e318a10835cf2fa3dc19f"},
    {file = "ruff-0.11.5-py3-none-manylinux_2_17_ppc64.manylinux2014_ppc64.whl", hash = "sha256:56145ee1478582f61c08f21076dc59153310d606ad663acc00ea3ab5b2125f82"},
    {file = "ruff-0.11.5-py3-none-manylinux_2_17_ppc64le.manylinux2014_ppc64le.whl", hash = "sha256:e5f66f8f1e8c9fc594cbd66fbc5f246a8d91f916cb9667e80208663ec3728304"},
    {file = "ruff-0.11.5-py3-none-manylinux_2_17_s390x.manylinux2014_s390x.whl", hash = "sha256:80b4df4d335a80315ab9afc81ed1cff62be112bd165e162b5eed8ac55bfc8470"},
    {file = "ruff-0.11.5-py3-none-manylinux_2_17_x86_64.manylinux2014_x86_64.whl", hash = "sha256:3068befab73620b8a0cc2431bd46b3cd619bc17d6f7695a3e1bb166b652c382a"},
    {file = "ruff-0.11.5-py3-none-musllinux_1_2_aarch64.whl", hash = "sha256:f5da2e710a9641828e09aa98b92c9ebbc60518fdf3921241326ca3e8f8e55b8b"},
    {file = "ruff-0.11.5-py3-none-musllinux_1_2_armv7l.whl", hash = "sha256:ef39f19cb8ec98cbc762344921e216f3857a06c47412030374fffd413fb8fd3a"},
    {file = "ruff-0.11.5-py3-none-musllinux_1_2_i686.whl", hash = "sha256:b2a7cedf47244f431fd11aa5a7e2806dda2e0c365873bda7834e8f7d785ae159"},
    {file = "ruff-0.11.5-py3-none-musllinux_1_2_x86_64.whl", hash = "sha256:81be52e7519f3d1a0beadcf8e974715b2dfc808ae8ec729ecfc79bddf8dbb783"},
    {file = "ruff-0.11.5-py3-none-win32.whl", hash = "sha256:e268da7b40f56e3eca571508a7e567e794f9bfcc0f412c4b607931d3af9c4afe"},
    {file = "ruff-0.11.5-py3-none-win_amd64.whl", hash = "sha256:6c6dc38af3cfe2863213ea25b6dc616d679205732dc0fb673356c2d69608f800"},
    {file = "ruff-0.11.5-py3-none-win_arm64.whl", hash = "sha256:67e241b4314f4eacf14a601d586026a962f4002a475aa702c69980a38087aa4e"},
    {file = "ruff-0.11.5.tar.gz", hash = "sha256:cae2e2439cb88853e421901ec040a758960b576126dab520fa08e9de431d1bef"},
]

[[package]]
name = "typing-extensions"
version = "4.13.2"
description = "Backported and Experimental Type Hints for Python 3.8+"
category = "main"
optional = false
python-versions = ">=3.8"
files = [
    {file = "typing_extensions-4.13.2-py3-none-any.whl", hash = "sha256:a439e7c04b49fec3e5d3e2beaa21755cadbbdc391694e28ccdd36ca4a1408f8c"},
    {file = "typing_extensions-4.13.2.tar.gz", hash = "sha256:e6c81219bd689f51865d9e372991c540bda33a0379d5573cddb9a3a23f7caaef"},
]

[[package]]
name = "tzdata"
version = "2025.2"
description = "Provider of IANA time zone data"
category = "main"
optional = false
python-versions = ">=2"
files = [
    {file = "tzdata-2025.2-py2.py3-none-any.whl", hash = "sha256:1a403fada01ff9221ca8044d701868fa132215d84beb92242d9acd2147f667a8"},
    {file = "tzdata-2025.2.tar.gz", hash = "sha256:b60a638fcc0daffadf82fe0f57e53d06bdec2f36c4df66280ae79bce6bd6f2b9"},
]

[[package]]
name = "urllib3"
version = "2.4.0"
description = "HTTP library with thread-safe connection pooling, file post, and more."
category = "main"
optional = false
python-versions = ">=3.9"
files = [
    {file = "urllib3-2.4.0-py3-none-any.whl", hash = "sha256:4e16665048960a0900c702d4a66415956a584919c03361cac9f1df5c5dd7e813"},
    {file = "urllib3-2.4.0.tar.gz", hash = "sha256:414bc6535b787febd7567804cc015fee39daab8ad86268f1310a9250697de466"},
]

[package.extras]
brotli = ["brotli (>=1.0.9)", "brotlicffi (>=0.8.0)"]
h2 = ["h2 (>=4,<5)"]
socks = ["pysocks (>=1.5.6,!=1.5.7,<2.0)"]
zstd = ["zstandard (>=0.18.0)"]

[metadata]
lock-version = "2.0"
python-versions = "^3.10"
content-hash = "1b160d93f0216d1ae24e62f31dc1ecf5a73c59c3527f5564232b463c00b4ba7e"
